
Microsoft Visual Studio Solution File, Format Version 12.00
# Visual Studio 15
VisualStudioVersion = 15.0.27130.2010
MinimumVisualStudioVersion = 10.0.40219.1
Project("{FAE04EC0-301F-11D3-BF4B-00C04F79EFBC}") = "BinaryPuzzleSolver", "BinaryPuzzleSolver\BinaryPuzzleSolver.csproj", "{39CBD49A-85F4-4EF5-91B1-DB9182AD17AD}"
EndProject
Global
	GlobalSection(SolutionConfigurationPlatforms) = preSolution
		Debug|Any CPU = Debug|Any CPU
		Release|Any CPU = Release|Any CPU
	EndGlobalSection
	GlobalSection(ProjectConfigurationPlatforms) = postSolution
		{39CBD49A-85F4-4EF5-91B1-DB9182AD17AD}.Debug|Any CPU.ActiveCfg = Debug|Any CPU
		{39CBD49A-85F4-4EF5-91B1-DB9182AD17AD}.Debug|Any CPU.Build.0 = Debug|Any CPU
		{39CBD49A-85F4-4EF5-91B1-DB9182AD17AD}.Release|Any CPU.ActiveCfg = Release|Any CPU
		{39CBD49A-85F4-4EF5-91B1-DB9182AD17AD}.Release|Any CPU.Build.0 = Release|Any CPU
	EndGlobalSection
	GlobalSection(SolutionProperties) = preSolution
		HideSolutionNode = FALSE
	EndGlobalSection
	GlobalSection(ExtensibilityGlobals) = postSolution
		SolutionGuid = {4783CC4F-485A-4D4C-A0DD-D42DC550734D}
	EndGlobalSection
EndGlobal
